
Microsoft Visual Studio Solution File, Format Version 12.00
# Visual Studio Version 17
VisualStudioVersion = 17.5.33424.131
MinimumVisualStudioVersion = 10.0.40219.1
Project("{9A19103F-16F7-4668-BE54-9A1E7A4F7556}") = "AM.ApplicationCore", "AM.ApplicationCore\AM.ApplicationCore.csproj", "{AB1155A4-13B3-4AD2-96EA-C0E1185F5947}"
EndProject
Project("{FAE04EC0-301F-11D3-BF4B-00C04F79EFBC}") = "AM.UI.Console", "AM.UI.Console\AM.UI.Console.csproj", "{BD459F3A-9EF0-4EA8-8F99-1FF6D80DF646}"
EndProject
Project("{FAE04EC0-301F-11D3-BF4B-00C04F79EFBC}") = "AM.Infrastructure", "AM.Infrastructure\AM.Infrastructure.csproj", "{A7EFE612-316C-450B-AC84-0A4EBE969D6F}"
EndProject
Global
	GlobalSection(SolutionConfigurationPlatforms) = preSolution
		Debug|Any CPU = Debug|Any CPU
		Release|Any CPU = Release|Any CPU
	EndGlobalSection
	GlobalSection(ProjectConfigurationPlatforms) = postSolution
		{AB1155A4-13B3-4AD2-96EA-C0E1185F5947}.Debug|Any CPU.ActiveCfg = Debug|Any CPU
		{AB1155A4-13B3-4AD2-96EA-C0E1185F5947}.Debug|Any CPU.Build.0 = Debug|Any CPU
		{AB1155A4-13B3-4AD2-96EA-C0E1185F5947}.Release|Any CPU.ActiveCfg = Release|Any CPU
		{AB1155A4-13B3-4AD2-96EA-C0E1185F5947}.Release|Any CPU.Build.0 = Release|Any CPU
		{BD459F3A-9EF0-4EA8-8F99-1FF6D80DF646}.Debug|Any CPU.ActiveCfg = Debug|Any CPU
		{BD459F3A-9EF0-4EA8-8F99-1FF6D80DF646}.Debug|Any CPU.Build.0 = Debug|Any CPU
		{BD459F3A-9EF0-4EA8-8F99-1FF6D80DF646}.Release|Any CPU.ActiveCfg = Release|Any CPU
		{BD459F3A-9EF0-4EA8-8F99-1FF6D80DF646}.Release|Any CPU.Build.0 = Release|Any CPU
		{A7EFE612-316C-450B-AC84-0A4EBE969D6F}.Debug|Any CPU.ActiveCfg = Debug|Any CPU
		{A7EFE612-316C-450B-AC84-0A4EBE969D6F}.Debug|Any CPU.Build.0 = Debug|Any CPU
		{A7EFE612-316C-450B-AC84-0A4EBE969D6F}.Release|Any CPU.ActiveCfg = Release|Any CPU
		{A7EFE612-316C-450B-AC84-0A4EBE969D6F}.Release|Any CPU.Build.0 = Release|Any CPU
	EndGlobalSection
	GlobalSection(SolutionProperties) = preSolution
		HideSolutionNode = FALSE
	EndGlobalSection
	GlobalSection(ExtensibilityGlobals) = postSolution
		SolutionGuid = {FC3D16CA-9095-4E2D-8A6B-5256FEE3D75B}
	EndGlobalSection
EndGlobal
